// !$*UTF8*$!
{
	archiveVersion = 1;
	classes = {
	};
	objectVersion = 56;
	objects = {

/* Begin PBXBuildFile section */
		0FFC4BEE2C92BA2400330C0B /* main.c in Sources */ = {isa = PBXBuildFile; fileRef = 0FFC4BED2C92BA2400330C0B /* main.c */; };
		0FFC4BF62C92BA7F00330C0B /* Spinlock.c in Sources */ = {isa = PBXBuildFile; fileRef = 0FFC4BF52C92BA7F00330C0B /* Spinlock.c */; };
		0FFC4BFC2C92D58300330C0B /* Semaphore.c in Sources */ = {isa = PBXBuildFile; fileRef = 0FFC4BFB2C92D58300330C0B /* Semaphore.c */; };
		0FFC4BFF2C92D69A00330C0B /* Mutex.c in Sources */ = {isa = PBXBuildFile; fileRef = 0FFC4BFE2C92D69A00330C0B /* Mutex.c */; };
/* End PBXBuildFile section */

/* Begin PBXCopyFilesBuildPhase section */
		0FFC4BE82C92BA2400330C0B /* CopyFiles */ = {
			isa = PBXCopyFilesBuildPhase;
			buildActionMask = 2147483647;
			dstPath = /usr/share/man/man1/;
			dstSubfolderSpec = 0;
			files = (
			);
			runOnlyForDeploymentPostprocessing = 1;
		};
/* End PBXCopyFilesBuildPhase section */

/* Begin PBXFileReference section */
		0FFC4BEA2C92BA2400330C0B /* Locks */ = {isa = PBXFileReference; explicitFileType = "compiled.mach-o.executable"; includeInIndex = 0; path = Locks; sourceTree = BUILT_PRODUCTS_DIR; };
		0FFC4BED2C92BA2400330C0B /* main.c */ = {isa = PBXFileReference; lastKnownFileType = sourcecode.c.c; path = main.c; sourceTree = "<group>"; };
		0FFC4BF42C92BA7F00330C0B /* Spinlock.h */ = {isa = PBXFileReference; lastKnownFileType = sourcecode.c.h; path = Spinlock.h; sourceTree = "<group>"; };
		0FFC4BF52C92BA7F00330C0B /* Spinlock.c */ = {isa = PBXFileReference; lastKnownFileType = sourcecode.c.c; path = Spinlock.c; sourceTree = "<group>"; };
		0FFC4BFA2C92D58300330C0B /* Semaphore.h */ = {isa = PBXFileReference; lastKnownFileType = sourcecode.c.h; path = Semaphore.h; sourceTree = "<group>"; };
		0FFC4BFB2C92D58300330C0B /* Semaphore.c */ = {isa = PBXFileReference; lastKnownFileType = sourcecode.c.c; path = Semaphore.c; sourceTree = "<group>"; };
		0FFC4BFD2C92D69A00330C0B /* Mutex.h */ = {isa = PBXFileReference; lastKnownFileType = sourcecode.c.h; path = Mutex.h; sourceTree = "<group>"; };
		0FFC4BFE2C92D69A00330C0B /* Mutex.c */ = {isa = PBXFileReference; lastKnownFileType = sourcecode.c.c; path = Mutex.c; sourceTree = "<group>"; };
/* End PBXFileReference section */

/* Begin PBXFrameworksBuildPhase section */
		0FFC4BE72C92BA2400330C0B /* Frameworks */ = {
			isa = PBXFrameworksBuildPhase;
			buildActionMask = 2147483647;
			files = (
			);
			runOnlyForDeploymentPostprocessing = 0;
		};
/* End PBXFrameworksBuildPhase section */

/* Begin PBXGroup section */
		0FFC4BE12C92BA2400330C0B = {
			isa = PBXGroup;
			children = (
				0FFC4BEC2C92BA2400330C0B /* Locks */,
				0FFC4BEB2C92BA2400330C0B /* Products */,
			);
			sourceTree = "<group>";
		};
		0FFC4BEB2C92BA2400330C0B /* Products */ = {
			isa = PBXGroup;
			children = (
				0FFC4BEA2C92BA2400330C0B /* Locks */,
			);
			name = Products;
			sourceTree = "<group>";
		};
		0FFC4BEC2C92BA2400330C0B /* Locks */ = {
			isa = PBXGroup;
			children = (
				0FFC4BED2C92BA2400330C0B /* main.c */,
				0FFC4BF42C92BA7F00330C0B /* Spinlock.h */,
				0FFC4BF52C92BA7F00330C0B /* Spinlock.c */,
				0FFC4BFA2C92D58300330C0B /* Semaphore.h */,
				0FFC4BFB2C92D58300330C0B /* Semaphore.c */,
				0FFC4BFD2C92D69A00330C0B /* Mutex.h */,
				0FFC4BFE2C92D69A00330C0B /* Mutex.c */,
			);
			path = Locks;
			sourceTree = "<group>";
		};
/* End PBXGroup section */

/* Begin PBXNativeTarget section */
		0FFC4BE92C92BA2400330C0B /* Locks */ = {
			isa = PBXNativeTarget;
			buildConfigurationList = 0FFC4BF12C92BA2400330C0B /* Build configuration list for PBXNativeTarget "Locks" */;
			buildPhases = (
				0FFC4BE62C92BA2400330C0B /* Sources */,
				0FFC4BE72C92BA2400330C0B /* Frameworks */,
				0FFC4BE82C92BA2400330C0B /* CopyFiles */,
			);
			buildRules = (
			);
			dependencies = (
			);
			name = Locks;
			productName = Locks;
			productReference = 0FFC4BEA2C92BA2400330C0B /* Locks */;
			productType = "com.apple.product-type.tool";
		};
/* End PBXNativeTarget section */

/* Begin PBXProject section */
		0FFC4BE22C92BA2400330C0B /* Project object */ = {
			isa = PBXProject;
			attributes = {
				BuildIndependentTargetsInParallel = 1;
				LastUpgradeCheck = 1540;
				TargetAttributes = {
					0FFC4BE92C92BA2400330C0B = {
						CreatedOnToolsVersion = 15.4;
					};
				};
			};
			buildConfigurationList = 0FFC4BE52C92BA2400330C0B /* Build configuration list for PBXProject "Locks" */;
			compatibilityVersion = "Xcode 14.0";
			developmentRegion = en;
			hasScannedForEncodings = 0;
			knownRegions = (
				en,
				Base,
			);
			mainGroup = 0FFC4BE12C92BA2400330C0B;
			productRefGroup = 0FFC4BEB2C92BA2400330C0B /* Products */;
			projectDirPath = "";
			projectRoot = "";
			targets = (
				0FFC4BE92C92BA2400330C0B /* Locks */,
			);
		};
/* End PBXProject section */

/* Begin PBXSourcesBuildPhase section */
		0FFC4BE62C92BA2400330C0B /* Sources */ = {
			isa = PBXSourcesBuildPhase;
			buildActionMask = 2147483647;
			files = (
				0FFC4BF62C92BA7F00330C0B /* Spinlock.c in Sources */,
				0FFC4BEE2C92BA2400330C0B /* main.c in Sources */,
				0FFC4BFC2C92D58300330C0B /* Semaphore.c in Sources */,
				0FFC4BFF2C92D69A00330C0B /* Mutex.c in Sources */,
			);
			runOnlyForDeploymentPostprocessing = 0;
		};
/* End PBXSourcesBuildPhase section */

/* Begin XCBuildConfiguration section */
		0FFC4BEF2C92BA2400330C0B /* Debug */ = {
			isa = XCBuildConfiguration;
			buildSettings = {
				ALWAYS_SEARCH_USER_PATHS = NO;
				ASSETCATALOG_COMPILER_GENERATE_SWIFT_ASSET_SYMBOL_EXTENSIONS = YES;
				CLANG_ANALYZER_NONNULL = YES;
				CLANG_ANALYZER_NUMBER_OBJECT_CONVERSION = YES_AGGRESSIVE;
				CLANG_CXX_LANGUAGE_STANDARD = "gnu++20";
				CLANG_ENABLE_MODULES = YES;
				CLANG_ENABLE_OBJC_ARC = YES;
				CLANG_ENABLE_OBJC_WEAK = YES;
				CLANG_WARN_BLOCK_CAPTURE_AUTORELEASING = YES;
				CLANG_WARN_BOOL_CONVERSION = YES;
				CLANG_WARN_COMMA = YES;
				CLANG_WARN_CONSTANT_CONVERSION = YES;
				CLANG_WARN_DEPRECATED_OBJC_IMPLEMENTATIONS = YES;
				CLANG_WARN_DIRECT_OBJC_ISA_USAGE = YES_ERROR;
				CLANG_WARN_DOCUMENTATION_COMMENTS = YES;
				CLANG_WARN_EMPTY_BODY = YES;
				CLANG_WARN_ENUM_CONVERSION = YES;
				CLANG_WARN_INFINITE_RECURSION = YES;
				CLANG_WARN_INT_CONVERSION = YES;
				CLANG_WARN_NON_LITERAL_NULL_CONVERSION = YES;
				CLANG_WARN_OBJC_IMPLICIT_RETAIN_SELF = YES;
				CLANG_WARN_OBJC_LITERAL_CONVERSION = YES;
				CLANG_WARN_OBJC_ROOT_CLASS = YES_ERROR;
				CLANG_WARN_QUOTED_INCLUDE_IN_FRAMEWORK_HEADER = YES;
				CLANG_WARN_RANGE_LOOP_ANALYSIS = YES;
				CLANG_WARN_STRICT_PROTOTYPES = YES;
				CLANG_WARN_SUSPICIOUS_MOVE = YES;
				CLANG_WARN_UNGUARDED_AVAILABILITY = YES_AGGRESSIVE;
				CLANG_WARN_UNREACHABLE_CODE = YES;
				CLANG_WARN__DUPLICATE_METHOD_MATCH = YES;
				COPY_PHASE_STRIP = NO;
				DEBUG_INFORMATION_FORMAT = dwarf;
				ENABLE_STRICT_OBJC_MSGSEND = YES;
				ENABLE_TESTABILITY = YES;
				ENABLE_USER_SCRIPT_SANDBOXING = YES;
				GCC_C_LANGUAGE_STANDARD = gnu17;
				GCC_DYNAMIC_NO_PIC = NO;
				GCC_NO_COMMON_BLOCKS = YES;
				GCC_OPTIMIZATION_LEVEL = 0;
				GCC_PREPROCESSOR_DEFINITIONS = (
					"DEBUG=1",
					"$(inherited)",
				);
				GCC_WARN_64_TO_32_BIT_CONVERSION = YES;
				GCC_WARN_ABOUT_RETURN_TYPE = YES_ERROR;
				GCC_WARN_UNDECLARED_SELECTOR = YES;
				GCC_WARN_UNINITIALIZED_AUTOS = YES_AGGRESSIVE;
				GCC_WARN_UNUSED_FUNCTION = YES;
				GCC_WARN_UNUSED_VARIABLE = YES;
				LOCALIZATION_PREFERS_STRING_CATALOGS = YES;
				MACOSX_DEPLOYMENT_TARGET = 14.5;
				MTL_ENABLE_DEBUG_INFO = INCLUDE_SOURCE;
				MTL_FAST_MATH = YES;
				ONLY_ACTIVE_ARCH = YES;
				SDKROOT = macosx;
			};
			name = Debug;
		};
		0FFC4BF02C92BA2400330C0B /* Release */ = {
			isa = XCBuildConfiguration;
			buildSettings = {
				ALWAYS_SEARCH_USER_PATHS = NO;
				ASSETCATALOG_COMPILER_GENERATE_SWIFT_ASSET_SYMBOL_EXTENSIONS = YES;
				CLANG_ANALYZER_NONNULL = YES;
				CLANG_ANALYZER_NUMBER_OBJECT_CONVERSION = YES_AGGRESSIVE;
				CLANG_CXX_LANGUAGE_STANDARD = "gnu++20";
				CLANG_ENABLE_MODULES = YES;
				CLANG_ENABLE_OBJC_ARC = YES;
				CLANG_ENABLE_OBJC_WEAK = YES;
				CLANG_WARN_BLOCK_CAPTURE_AUTORELEASING = YES;
				CLANG_WARN_BOOL_CONVERSION = YES;
				CLANG_WARN_COMMA = YES;
				CLANG_WARN_CONSTANT_CONVERSION = YES;
				CLANG_WARN_DEPRECATED_OBJC_IMPLEMENTATIONS = YES;
				CLANG_WARN_DIRECT_OBJC_ISA_USAGE = YES_ERROR;
				CLANG_WARN_DOCUMENTATION_COMMENTS = YES;
				CLANG_WARN_EMPTY_BODY = YES;
				CLANG_WARN_ENUM_CONVERSION = YES;
				CLANG_WARN_INFINITE_RECURSION = YES;
				CLANG_WARN_INT_CONVERSION = YES;
				CLANG_WARN_NON_LITERAL_NULL_CONVERSION = YES;
				CLANG_WARN_OBJC_IMPLICIT_RETAIN_SELF = YES;
				CLANG_WARN_OBJC_LITERAL_CONVERSION = YES;
				CLANG_WARN_OBJC_ROOT_CLASS = YES_ERROR;
				CLANG_WARN_QUOTED_INCLUDE_IN_FRAMEWORK_HEADER = YES;
				CLANG_WARN_RANGE_LOOP_ANALYSIS = YES;
				CLANG_WARN_STRICT_PROTOTYPES = YES;
				CLANG_WARN_SUSPICIOUS_MOVE = YES;
				CLANG_WARN_UNGUARDED_AVAILABILITY = YES_AGGRESSIVE;
				CLANG_WARN_UNREACHABLE_CODE = YES;
				CLANG_WARN__DUPLICATE_METHOD_MATCH = YES;
				COPY_PHASE_STRIP = NO;
				DEBUG_INFORMATION_FORMAT = "dwarf-with-dsym";
				ENABLE_NS_ASSERTIONS = NO;
				ENABLE_STRICT_OBJC_MSGSEND = YES;
				ENABLE_USER_SCRIPT_SANDBOXING = YES;
				GCC_C_LANGUAGE_STANDARD = gnu17;
				GCC_NO_COMMON_BLOCKS = YES;
				GCC_WARN_64_TO_32_BIT_CONVERSION = YES;
				GCC_WARN_ABOUT_RETURN_TYPE = YES_ERROR;
				GCC_WARN_UNDECLARED_SELECTOR = YES;
				GCC_WARN_UNINITIALIZED_AUTOS = YES_AGGRESSIVE;
				GCC_WARN_UNUSED_FUNCTION = YES;
				GCC_WARN_UNUSED_VARIABLE = YES;
				LOCALIZATION_PREFERS_STRING_CATALOGS = YES;
				MACOSX_DEPLOYMENT_TARGET = 14.5;
				MTL_ENABLE_DEBUG_INFO = NO;
				MTL_FAST_MATH = YES;
				SDKROOT = macosx;
			};
			name = Release;
		};
		0FFC4BF22C92BA2400330C0B /* Debug */ = {
			isa = XCBuildConfiguration;
			buildSettings = {
				CODE_SIGN_STYLE = Automatic;
				DEVELOPMENT_TEAM = 4H33EPS92X;
				ENABLE_HARDENED_RUNTIME = YES;
				PRODUCT_NAME = "$(TARGET_NAME)";
			};
			name = Debug;
		};
		0FFC4BF32C92BA2400330C0B /* Release */ = {
			isa = XCBuildConfiguration;
			buildSettings = {
				CODE_SIGN_STYLE = Automatic;
				DEVELOPMENT_TEAM = 4H33EPS92X;
				ENABLE_HARDENED_RUNTIME = YES;
				PRODUCT_NAME = "$(TARGET_NAME)";
			};
			name = Release;
		};
/* End XCBuildConfiguration section */

/* Begin XCConfigurationList section */
		0FFC4BE52C92BA2400330C0B /* Build configuration list for PBXProject "Locks" */ = {
			isa = XCConfigurationList;
			buildConfigurations = (
				0FFC4BEF2C92BA2400330C0B /* Debug */,
				0FFC4BF02C92BA2400330C0B /* Release */,
			);
			defaultConfigurationIsVisible = 0;
			defaultConfigurationName = Release;
		};
		0FFC4BF12C92BA2400330C0B /* Build configuration list for PBXNativeTarget "Locks" */ = {
			isa = XCConfigurationList;
			buildConfigurations = (
				0FFC4BF22C92BA2400330C0B /* Debug */,
				0FFC4BF32C92BA2400330C0B /* Release */,
			);
			defaultConfigurationIsVisible = 0;
			defaultConfigurationName = Release;
		};
/* End XCConfigurationList section */
	};
	rootObject = 0FFC4BE22C92BA2400330C0B /* Project object */;
}
